
Microsoft Visual Studio Solution File, Format Version 12.00
# Visual Studio Version 17
VisualStudioVersion = 17.3.32825.248
MinimumVisualStudioVersion = 10.0.40219.1
Project("{8BC9CEB8-8B4A-11D0-8D11-00A0C91BC942}") = "GoldRush", "GoldRush.vcxproj", "{8B4CF649-5CF6-4B91-A8F8-114699D5990B}"
EndProject
Global
	GlobalSection(SolutionConfigurationPlatforms) = preSolution
		Debug|x64 = Debug|x64
		Debug|x86 = Debug|x86
		Release|x64 = Release|x64
		Release|x86 = Release|x86
	EndGlobalSection
	GlobalSection(ProjectConfigurationPlatforms) = postSolution
		{8B4CF649-5CF6-4B91-A8F8-114699D5990B}.Debug|x64.ActiveCfg = Debug|x64
		{8B4CF649-5CF6-4B91-A8F8-114699D5990B}.Debug|x64.Build.0 = Debug|x64
		{8B4CF649-5CF6-4B91-A8F8-114699D5990B}.Debug|x86.ActiveCfg = Debug|Win32
		{8B4CF649-5CF6-4B91-A8F8-114699D5990B}.Debug|x86.Build.0 = Debug|Win32
		{8B4CF649-5CF6-4B91-A8F8-114699D5990B}.Release|x64.ActiveCfg = Release|x64
		{8B4CF649-5CF6-4B91-A8F8-114699D5990B}.Release|x64.Build.0 = Release|x64
		{8B4CF649-5CF6-4B91-A8F8-114699D5990B}.Release|x86.ActiveCfg = Release|Win32
		{8B4CF649-5CF6-4B91-A8F8-114699D5990B}.Release|x86.Build.0 = Release|Win32
	EndGlobalSection
	GlobalSection(SolutionProperties) = preSolution
		HideSolutionNode = FALSE
	EndGlobalSection
	GlobalSection(ExtensibilityGlobals) = postSolution
		SolutionGuid = {CF20A4D3-2B99-4DEE-8562-753F91B71C39}
	EndGlobalSection
EndGlobal
